// !$*UTF8*$!
{
	archiveVersion = 1;
	classes = {
	};
	objectVersion = 51;
	objects = {

/* Begin PBXBuildFile section */
		904E887424F1056A0075D151 /* AppDelegate.swift in Sources */ = {isa = PBXBuildFile; fileRef = 904E887324F1056A0075D151 /* AppDelegate.swift */; };
		904E887624F1056A0075D151 /* SceneDelegate.swift in Sources */ = {isa = PBXBuildFile; fileRef = 904E887524F1056A0075D151 /* SceneDelegate.swift */; };
		904E887824F1056A0075D151 /* ConversationViewController.swift in Sources */ = {isa = PBXBuildFile; fileRef = 904E887724F1056A0075D151 /* ConversationViewController.swift */; };
		904E887B24F1056A0075D151 /* Main.storyboard in Resources */ = {isa = PBXBuildFile; fileRef = 904E887924F1056A0075D151 /* Main.storyboard */; };
		904E887D24F1056F0075D151 /* Assets.xcassets in Resources */ = {isa = PBXBuildFile; fileRef = 904E887C24F1056F0075D151 /* Assets.xcassets */; };
		904E888024F1056F0075D151 /* LaunchScreen.storyboard in Resources */ = {isa = PBXBuildFile; fileRef = 904E887E24F1056F0075D151 /* LaunchScreen.storyboard */; };
		904E889124F113AF0075D151 /* RegisterController.swift in Sources */ = {isa = PBXBuildFile; fileRef = 904E889024F113AF0075D151 /* RegisterController.swift */; };
		904E889324F114610075D151 /* PhotoViewerController.swift in Sources */ = {isa = PBXBuildFile; fileRef = 904E889224F114610075D151 /* PhotoViewerController.swift */; };
		904E889524F115050075D151 /* VideoPlayerViewController.swift in Sources */ = {isa = PBXBuildFile; fileRef = 904E889424F115050075D151 /* VideoPlayerViewController.swift */; };
		904E889924F1175C0075D151 /* ProfileViewController.swift in Sources */ = {isa = PBXBuildFile; fileRef = 904E889824F1175C0075D151 /* ProfileViewController.swift */; };
		904E889C24F11B270075D151 /* LoginViewController.swift in Sources */ = {isa = PBXBuildFile; fileRef = 904E889B24F11B270075D151 /* LoginViewController.swift */; };
		904E88A024F14A100075D151 /* Extensions.swift in Sources */ = {isa = PBXBuildFile; fileRef = 904E889F24F14A100075D151 /* Extensions.swift */; };
		9052C59C24F258B500C76E08 /* GoogleService-Info.plist in Resources */ = {isa = PBXBuildFile; fileRef = 9052C59B24F258B500C76E08 /* GoogleService-Info.plist */; };
		9052C5A224F36BCD00C76E08 /* DatabaseManager.swift in Sources */ = {isa = PBXBuildFile; fileRef = 9052C5A124F36BCD00C76E08 /* DatabaseManager.swift */; };
		9052FB1024F5F2F700608F5F /* ChatViewController.swift in Sources */ = {isa = PBXBuildFile; fileRef = 9052FB0F24F5F2F700608F5F /* ChatViewController.swift */; };
		9052FB1224F608CA00608F5F /* NewConversationViewController.swift in Sources */ = {isa = PBXBuildFile; fileRef = 9052FB1124F608CA00608F5F /* NewConversationViewController.swift */; };
		98BC782C973DF6096EC5199B /* Pods_Messenger.framework in Frameworks */ = {isa = PBXBuildFile; fileRef = 142E6D69B50BF87B651AC6AC /* Pods_Messenger.framework */; };
/* End PBXBuildFile section */

/* Begin PBXFileReference section */
		142E6D69B50BF87B651AC6AC /* Pods_Messenger.framework */ = {isa = PBXFileReference; explicitFileType = wrapper.framework; includeInIndex = 0; path = Pods_Messenger.framework; sourceTree = BUILT_PRODUCTS_DIR; };
		87B0ECF9E474F93AD31CB0F3 /* Pods-Messenger.release.xcconfig */ = {isa = PBXFileReference; includeInIndex = 1; lastKnownFileType = text.xcconfig; name = "Pods-Messenger.release.xcconfig"; path = "Target Support Files/Pods-Messenger/Pods-Messenger.release.xcconfig"; sourceTree = "<group>"; };
		8873C80E525728A4A207F7F8 /* Pods-Messenger.debug.xcconfig */ = {isa = PBXFileReference; includeInIndex = 1; lastKnownFileType = text.xcconfig; name = "Pods-Messenger.debug.xcconfig"; path = "Target Support Files/Pods-Messenger/Pods-Messenger.debug.xcconfig"; sourceTree = "<group>"; };
		904E887024F1056A0075D151 /* Messenger.app */ = {isa = PBXFileReference; explicitFileType = wrapper.application; includeInIndex = 0; path = Messenger.app; sourceTree = BUILT_PRODUCTS_DIR; };
		904E887324F1056A0075D151 /* AppDelegate.swift */ = {isa = PBXFileReference; lastKnownFileType = sourcecode.swift; path = AppDelegate.swift; sourceTree = "<group>"; };
		904E887524F1056A0075D151 /* SceneDelegate.swift */ = {isa = PBXFileReference; lastKnownFileType = sourcecode.swift; path = SceneDelegate.swift; sourceTree = "<group>"; };
		904E887724F1056A0075D151 /* ConversationViewController.swift */ = {isa = PBXFileReference; lastKnownFileType = sourcecode.swift; path = ConversationViewController.swift; sourceTree = "<group>"; };
		904E887A24F1056A0075D151 /* Base */ = {isa = PBXFileReference; lastKnownFileType = file.storyboard; name = Base; path = Base.lproj/Main.storyboard; sourceTree = "<group>"; };
		904E887C24F1056F0075D151 /* Assets.xcassets */ = {isa = PBXFileReference; lastKnownFileType = folder.assetcatalog; path = Assets.xcassets; sourceTree = "<group>"; };
		904E887F24F1056F0075D151 /* Base */ = {isa = PBXFileReference; lastKnownFileType = file.storyboard; name = Base; path = Base.lproj/LaunchScreen.storyboard; sourceTree = "<group>"; };
		904E888124F1056F0075D151 /* Info.plist */ = {isa = PBXFileReference; lastKnownFileType = text.plist.xml; path = Info.plist; sourceTree = "<group>"; };
		904E889024F113AF0075D151 /* RegisterController.swift */ = {isa = PBXFileReference; lastKnownFileType = sourcecode.swift; path = RegisterController.swift; sourceTree = "<group>"; };
		904E889224F114610075D151 /* PhotoViewerController.swift */ = {isa = PBXFileReference; lastKnownFileType = sourcecode.swift; path = PhotoViewerController.swift; sourceTree = "<group>"; };
		904E889424F115050075D151 /* VideoPlayerViewController.swift */ = {isa = PBXFileReference; lastKnownFileType = sourcecode.swift; path = VideoPlayerViewController.swift; sourceTree = "<group>"; };
		904E889824F1175C0075D151 /* ProfileViewController.swift */ = {isa = PBXFileReference; lastKnownFileType = sourcecode.swift; path = ProfileViewController.swift; sourceTree = "<group>"; };
		904E889B24F11B270075D151 /* LoginViewController.swift */ = {isa = PBXFileReference; lastKnownFileType = sourcecode.swift; path = LoginViewController.swift; sourceTree = "<group>"; };
		904E889F24F14A100075D151 /* Extensions.swift */ = {isa = PBXFileReference; lastKnownFileType = sourcecode.swift; path = Extensions.swift; sourceTree = "<group>"; };
		9052C59B24F258B500C76E08 /* GoogleService-Info.plist */ = {isa = PBXFileReference; fileEncoding = 4; lastKnownFileType = text.plist.xml; name = "GoogleService-Info.plist"; path = "../../../GoogleService-Info.plist"; sourceTree = "<group>"; };
		9052C59D24F2824000C76E08 /* Messenger.entitlements */ = {isa = PBXFileReference; lastKnownFileType = text.plist.entitlements; path = Messenger.entitlements; sourceTree = "<group>"; };
		9052C5A124F36BCD00C76E08 /* DatabaseManager.swift */ = {isa = PBXFileReference; lastKnownFileType = sourcecode.swift; path = DatabaseManager.swift; sourceTree = "<group>"; };
		9052FB0F24F5F2F700608F5F /* ChatViewController.swift */ = {isa = PBXFileReference; lastKnownFileType = sourcecode.swift; path = ChatViewController.swift; sourceTree = "<group>"; };
		9052FB1124F608CA00608F5F /* NewConversationViewController.swift */ = {isa = PBXFileReference; lastKnownFileType = sourcecode.swift; path = NewConversationViewController.swift; sourceTree = "<group>"; };
/* End PBXFileReference section */

/* Begin PBXFrameworksBuildPhase section */
		904E886D24F1056A0075D151 /* Frameworks */ = {
			isa = PBXFrameworksBuildPhase;
			buildActionMask = 2147483647;
			files = (
				98BC782C973DF6096EC5199B /* Pods_Messenger.framework in Frameworks */,
			);
			runOnlyForDeploymentPostprocessing = 0;
		};
/* End PBXFrameworksBuildPhase section */

/* Begin PBXGroup section */
		28996FA5E09BD994551BB22F /* Frameworks */ = {
			isa = PBXGroup;
			children = (
				142E6D69B50BF87B651AC6AC /* Pods_Messenger.framework */,
			);
			name = Frameworks;
			sourceTree = "<group>";
		};
		6ABB61DE76E1E84C68CBBC1D /* Pods */ = {
			isa = PBXGroup;
			children = (
				8873C80E525728A4A207F7F8 /* Pods-Messenger.debug.xcconfig */,
				87B0ECF9E474F93AD31CB0F3 /* Pods-Messenger.release.xcconfig */,
			);
			path = Pods;
			sourceTree = "<group>";
		};
		904E886724F1056A0075D151 = {
			isa = PBXGroup;
			children = (
				904E887224F1056A0075D151 /* Messenger */,
				904E887124F1056A0075D151 /* Products */,
				6ABB61DE76E1E84C68CBBC1D /* Pods */,
				28996FA5E09BD994551BB22F /* Frameworks */,
			);
			sourceTree = "<group>";
		};
		904E887124F1056A0075D151 /* Products */ = {
			isa = PBXGroup;
			children = (
				904E887024F1056A0075D151 /* Messenger.app */,
			);
			name = Products;
			sourceTree = "<group>";
		};
		904E887224F1056A0075D151 /* Messenger */ = {
			isa = PBXGroup;
			children = (
				9052C59D24F2824000C76E08 /* Messenger.entitlements */,
				904E888B24F1070D0075D151 /* Resources */,
				904E888A24F106F90075D151 /* ViewModels */,
				904E888924F106CE0075D151 /* Models */,
				904E888824F106A50075D151 /* Views */,
				904E888724F106910075D151 /* Controllers */,
				904E888124F1056F0075D151 /* Info.plist */,
			);
			path = Messenger;
			sourceTree = "<group>";
		};
		904E888724F106910075D151 /* Controllers */ = {
			isa = PBXGroup;
			children = (
				904E887724F1056A0075D151 /* ConversationViewController.swift */,
				904E889A24F11A600075D151 /* Login_Register */,
				904E889224F114610075D151 /* PhotoViewerController.swift */,
				904E889424F115050075D151 /* VideoPlayerViewController.swift */,
				904E889824F1175C0075D151 /* ProfileViewController.swift */,
				9052FB0F24F5F2F700608F5F /* ChatViewController.swift */,
				9052FB1124F608CA00608F5F /* NewConversationViewController.swift */,
			);
			path = Controllers;
			sourceTree = "<group>";
		};
		904E888824F106A50075D151 /* Views */ = {
			isa = PBXGroup;
			children = (
				904E888D24F108A70075D151 /* Storyboard */,
				904E887C24F1056F0075D151 /* Assets.xcassets */,
			);
			path = Views;
			sourceTree = "<group>";
		};
		904E888924F106CE0075D151 /* Models */ = {
			isa = PBXGroup;
			children = (
			);
			path = Models;
			sourceTree = "<group>";
		};
		904E888A24F106F90075D151 /* ViewModels */ = {
			isa = PBXGroup;
			children = (
			);
			path = ViewModels;
			sourceTree = "<group>";
		};
		904E888B24F1070D0075D151 /* Resources */ = {
			isa = PBXGroup;
			children = (
				9052C59B24F258B500C76E08 /* GoogleService-Info.plist */,
				904E887324F1056A0075D151 /* AppDelegate.swift */,
				904E887524F1056A0075D151 /* SceneDelegate.swift */,
				904E889F24F14A100075D151 /* Extensions.swift */,
				9052C5A124F36BCD00C76E08 /* DatabaseManager.swift */,
			);
			path = Resources;
			sourceTree = "<group>";
		};
		904E888D24F108A70075D151 /* Storyboard */ = {
			isa = PBXGroup;
			children = (
				904E887924F1056A0075D151 /* Main.storyboard */,
				904E887E24F1056F0075D151 /* LaunchScreen.storyboard */,
			);
			path = Storyboard;
			sourceTree = "<group>";
		};
		904E889A24F11A600075D151 /* Login_Register */ = {
			isa = PBXGroup;
			children = (
				904E889024F113AF0075D151 /* RegisterController.swift */,
				904E889B24F11B270075D151 /* LoginViewController.swift */,
			);
			path = Login_Register;
			sourceTree = "<group>";
		};
/* End PBXGroup section */

/* Begin PBXNativeTarget section */
		904E886F24F1056A0075D151 /* Messenger */ = {
			isa = PBXNativeTarget;
			buildConfigurationList = 904E888424F1056F0075D151 /* Build configuration list for PBXNativeTarget "Messenger" */;
			buildPhases = (
				CC93E6A4316DA8CB15D8DEDD /* [CP] Check Pods Manifest.lock */,
				904E886C24F1056A0075D151 /* Sources */,
				904E886D24F1056A0075D151 /* Frameworks */,
				904E886E24F1056A0075D151 /* Resources */,
				BA51CAAE67D7816489E0CA10 /* [CP] Embed Pods Frameworks */,
				0A474B178D43387D94530022 /* [CP] Copy Pods Resources */,
			);
			buildRules = (
			);
			dependencies = (
			);
			name = Messenger;
			productName = Messenger;
			productReference = 904E887024F1056A0075D151 /* Messenger.app */;
			productType = "com.apple.product-type.application";
		};
/* End PBXNativeTarget section */

/* Begin PBXProject section */
		904E886824F1056A0075D151 /* Project object */ = {
			isa = PBXProject;
			attributes = {
				LastSwiftUpdateCheck = 1160;
				LastUpgradeCheck = 1160;
				ORGANIZATIONNAME = "Vũ Tựu";
				TargetAttributes = {
					904E886F24F1056A0075D151 = {
						CreatedOnToolsVersion = 11.6;
					};
				};
			};
			buildConfigurationList = 904E886B24F1056A0075D151 /* Build configuration list for PBXProject "Messenger" */;
			compatibilityVersion = "Xcode 9.3";
			developmentRegion = en;
			hasScannedForEncodings = 0;
			knownRegions = (
				en,
				Base,
			);
			mainGroup = 904E886724F1056A0075D151;
			productRefGroup = 904E887124F1056A0075D151 /* Products */;
			projectDirPath = "";
			projectRoot = "";
			targets = (
				904E886F24F1056A0075D151 /* Messenger */,
			);
		};
/* End PBXProject section */

/* Begin PBXResourcesBuildPhase section */
		904E886E24F1056A0075D151 /* Resources */ = {
			isa = PBXResourcesBuildPhase;
			buildActionMask = 2147483647;
			files = (
				904E888024F1056F0075D151 /* LaunchScreen.storyboard in Resources */,
				9052C59C24F258B500C76E08 /* GoogleService-Info.plist in Resources */,
				904E887D24F1056F0075D151 /* Assets.xcassets in Resources */,
				904E887B24F1056A0075D151 /* Main.storyboard in Resources */,
			);
			runOnlyForDeploymentPostprocessing = 0;
		};
/* End PBXResourcesBuildPhase section */

/* Begin PBXShellScriptBuildPhase section */
		0A474B178D43387D94530022 /* [CP] Copy Pods Resources */ = {
			isa = PBXShellScriptBuildPhase;
			buildActionMask = 2147483647;
			files = (
			);
			inputFileListPaths = (
				"${PODS_ROOT}/Target Support Files/Pods-Messenger/Pods-Messenger-resources-${CONFIGURATION}-input-files.xcfilelist",
			);
			name = "[CP] Copy Pods Resources";
			outputFileListPaths = (
				"${PODS_ROOT}/Target Support Files/Pods-Messenger/Pods-Messenger-resources-${CONFIGURATION}-output-files.xcfilelist",
			);
			runOnlyForDeploymentPostprocessing = 0;
			shellPath = /bin/sh;
			shellScript = "\"${PODS_ROOT}/Target Support Files/Pods-Messenger/Pods-Messenger-resources.sh\"\n";
			showEnvVarsInLog = 0;
		};
		BA51CAAE67D7816489E0CA10 /* [CP] Embed Pods Frameworks */ = {
			isa = PBXShellScriptBuildPhase;
			buildActionMask = 2147483647;
			files = (
			);
			inputFileListPaths = (
				"${PODS_ROOT}/Target Support Files/Pods-Messenger/Pods-Messenger-frameworks-${CONFIGURATION}-input-files.xcfilelist",
			);
			name = "[CP] Embed Pods Frameworks";
			outputFileListPaths = (
				"${PODS_ROOT}/Target Support Files/Pods-Messenger/Pods-Messenger-frameworks-${CONFIGURATION}-output-files.xcfilelist",
			);
			runOnlyForDeploymentPostprocessing = 0;
			shellPath = /bin/sh;
			shellScript = "\"${PODS_ROOT}/Target Support Files/Pods-Messenger/Pods-Messenger-frameworks.sh\"\n";
			showEnvVarsInLog = 0;
		};
		CC93E6A4316DA8CB15D8DEDD /* [CP] Check Pods Manifest.lock */ = {
			isa = PBXShellScriptBuildPhase;
			buildActionMask = 2147483647;
			files = (
			);
			inputFileListPaths = (
			);
			inputPaths = (
				"${PODS_PODFILE_DIR_PATH}/Podfile.lock",
				"${PODS_ROOT}/Manifest.lock",
			);
			name = "[CP] Check Pods Manifest.lock";
			outputFileListPaths = (
			);
			outputPaths = (
				"$(DERIVED_FILE_DIR)/Pods-Messenger-checkManifestLockResult.txt",
			);
			runOnlyForDeploymentPostprocessing = 0;
			shellPath = /bin/sh;
			shellScript = "diff \"${PODS_PODFILE_DIR_PATH}/Podfile.lock\" \"${PODS_ROOT}/Manifest.lock\" > /dev/null\nif [ $? != 0 ] ; then\n    # print error to STDERR\n    echo \"error: The sandbox is not in sync with the Podfile.lock. Run 'pod install' or update your CocoaPods installation.\" >&2\n    exit 1\nfi\n# This output is used by Xcode 'outputs' to avoid re-running this script phase.\necho \"SUCCESS\" > \"${SCRIPT_OUTPUT_FILE_0}\"\n";
			showEnvVarsInLog = 0;
		};
/* End PBXShellScriptBuildPhase section */

/* Begin PBXSourcesBuildPhase section */
		904E886C24F1056A0075D151 /* Sources */ = {
			isa = PBXSourcesBuildPhase;
			buildActionMask = 2147483647;
			files = (
				904E889C24F11B270075D151 /* LoginViewController.swift in Sources */,
				9052C5A224F36BCD00C76E08 /* DatabaseManager.swift in Sources */,
				904E889124F113AF0075D151 /* RegisterController.swift in Sources */,
				904E889324F114610075D151 /* PhotoViewerController.swift in Sources */,
				904E889524F115050075D151 /* VideoPlayerViewController.swift in Sources */,
				904E88A024F14A100075D151 /* Extensions.swift in Sources */,
				9052FB1224F608CA00608F5F /* NewConversationViewController.swift in Sources */,
				904E887824F1056A0075D151 /* ConversationViewController.swift in Sources */,
				904E889924F1175C0075D151 /* ProfileViewController.swift in Sources */,
				904E887424F1056A0075D151 /* AppDelegate.swift in Sources */,
				9052FB1024F5F2F700608F5F /* ChatViewController.swift in Sources */,
				904E887624F1056A0075D151 /* SceneDelegate.swift in Sources */,
			);
			runOnlyForDeploymentPostprocessing = 0;
		};
/* End PBXSourcesBuildPhase section */

/* Begin PBXVariantGroup section */
		904E887924F1056A0075D151 /* Main.storyboard */ = {
			isa = PBXVariantGroup;
			children = (
				904E887A24F1056A0075D151 /* Base */,
			);
			name = Main.storyboard;
			sourceTree = "<group>";
		};
		904E887E24F1056F0075D151 /* LaunchScreen.storyboard */ = {
			isa = PBXVariantGroup;
			children = (
				904E887F24F1056F0075D151 /* Base */,
			);
			name = LaunchScreen.storyboard;
			sourceTree = "<group>";
		};
/* End PBXVariantGroup section */

/* Begin XCBuildConfiguration section */
		904E888224F1056F0075D151 /* Debug */ = {
			isa = XCBuildConfiguration;
			buildSettings = {
				ALWAYS_SEARCH_USER_PATHS = NO;
				CLANG_ANALYZER_NONNULL = YES;
				CLANG_ANALYZER_NUMBER_OBJECT_CONVERSION = YES_AGGRESSIVE;
				CLANG_CXX_LANGUAGE_STANDARD = "gnu++14";
				CLANG_CXX_LIBRARY = "libc++";
				CLANG_ENABLE_MODULES = YES;
				CLANG_ENABLE_OBJC_ARC = YES;
				CLANG_ENABLE_OBJC_WEAK = YES;
				CLANG_WARN_BLOCK_CAPTURE_AUTORELEASING = YES;
				CLANG_WARN_BOOL_CONVERSION = YES;
				CLANG_WARN_COMMA = YES;
				CLANG_WARN_CONSTANT_CONVERSION = YES;
				CLANG_WARN_DEPRECATED_OBJC_IMPLEMENTATIONS = YES;
				CLANG_WARN_DIRECT_OBJC_ISA_USAGE = YES_ERROR;
				CLANG_WARN_DOCUMENTATION_COMMENTS = YES;
				CLANG_WARN_EMPTY_BODY = YES;
				CLANG_WARN_ENUM_CONVERSION = YES;
				CLANG_WARN_INFINITE_RECURSION = YES;
				CLANG_WARN_INT_CONVERSION = YES;
				CLANG_WARN_NON_LITERAL_NULL_CONVERSION = YES;
				CLANG_WARN_OBJC_IMPLICIT_RETAIN_SELF = YES;
				CLANG_WARN_OBJC_LITERAL_CONVERSION = YES;
				CLANG_WARN_OBJC_ROOT_CLASS = YES_ERROR;
				CLANG_WARN_RANGE_LOOP_ANALYSIS = YES;
				CLANG_WARN_STRICT_PROTOTYPES = YES;
				CLANG_WARN_SUSPICIOUS_MOVE = YES;
				CLANG_WARN_UNGUARDED_AVAILABILITY = YES_AGGRESSIVE;
				CLANG_WARN_UNREACHABLE_CODE = YES;
				CLANG_WARN__DUPLICATE_METHOD_MATCH = YES;
				COPY_PHASE_STRIP = NO;
				DEBUG_INFORMATION_FORMAT = dwarf;
				ENABLE_STRICT_OBJC_MSGSEND = YES;
				ENABLE_TESTABILITY = YES;
				GCC_C_LANGUAGE_STANDARD = gnu11;
				GCC_DYNAMIC_NO_PIC = NO;
				GCC_NO_COMMON_BLOCKS = YES;
				GCC_OPTIMIZATION_LEVEL = 0;
				GCC_PREPROCESSOR_DEFINITIONS = (
					"DEBUG=1",
					"$(inherited)",
				);
				GCC_WARN_64_TO_32_BIT_CONVERSION = YES;
				GCC_WARN_ABOUT_RETURN_TYPE = YES_ERROR;
				GCC_WARN_UNDECLARED_SELECTOR = YES;
				GCC_WARN_UNINITIALIZED_AUTOS = YES_AGGRESSIVE;
				GCC_WARN_UNUSED_FUNCTION = YES;
				GCC_WARN_UNUSED_VARIABLE = YES;
				IPHONEOS_DEPLOYMENT_TARGET = 13.6;
				MTL_ENABLE_DEBUG_INFO = INCLUDE_SOURCE;
				MTL_FAST_MATH = YES;
				ONLY_ACTIVE_ARCH = YES;
				SDKROOT = iphoneos;
				SWIFT_ACTIVE_COMPILATION_CONDITIONS = DEBUG;
				SWIFT_OPTIMIZATION_LEVEL = "-Onone";
			};
			name = Debug;
		};
		904E888324F1056F0075D151 /* Release */ = {
			isa = XCBuildConfiguration;
			buildSettings = {
				ALWAYS_SEARCH_USER_PATHS = NO;
				CLANG_ANALYZER_NONNULL = YES;
				CLANG_ANALYZER_NUMBER_OBJECT_CONVERSION = YES_AGGRESSIVE;
				CLANG_CXX_LANGUAGE_STANDARD = "gnu++14";
				CLANG_CXX_LIBRARY = "libc++";
				CLANG_ENABLE_MODULES = YES;
				CLANG_ENABLE_OBJC_ARC = YES;
				CLANG_ENABLE_OBJC_WEAK = YES;
				CLANG_WARN_BLOCK_CAPTURE_AUTORELEASING = YES;
				CLANG_WARN_BOOL_CONVERSION = YES;
				CLANG_WARN_COMMA = YES;
				CLANG_WARN_CONSTANT_CONVERSION = YES;
				CLANG_WARN_DEPRECATED_OBJC_IMPLEMENTATIONS = YES;
				CLANG_WARN_DIRECT_OBJC_ISA_USAGE = YES_ERROR;
				CLANG_WARN_DOCUMENTATION_COMMENTS = YES;
				CLANG_WARN_EMPTY_BODY = YES;
				CLANG_WARN_ENUM_CONVERSION = YES;
				CLANG_WARN_INFINITE_RECURSION = YES;
				CLANG_WARN_INT_CONVERSION = YES;
				CLANG_WARN_NON_LITERAL_NULL_CONVERSION = YES;
				CLANG_WARN_OBJC_IMPLICIT_RETAIN_SELF = YES;
				CLANG_WARN_OBJC_LITERAL_CONVERSION = YES;
				CLANG_WARN_OBJC_ROOT_CLASS = YES_ERROR;
				CLANG_WARN_RANGE_LOOP_ANALYSIS = YES;
				CLANG_WARN_STRICT_PROTOTYPES = YES;
				CLANG_WARN_SUSPICIOUS_MOVE = YES;
				CLANG_WARN_UNGUARDED_AVAILABILITY = YES_AGGRESSIVE;
				CLANG_WARN_UNREACHABLE_CODE = YES;
				CLANG_WARN__DUPLICATE_METHOD_MATCH = YES;
				COPY_PHASE_STRIP = NO;
				DEBUG_INFORMATION_FORMAT = "dwarf-with-dsym";
				ENABLE_NS_ASSERTIONS = NO;
				ENABLE_STRICT_OBJC_MSGSEND = YES;
				GCC_C_LANGUAGE_STANDARD = gnu11;
				GCC_NO_COMMON_BLOCKS = YES;
				GCC_WARN_64_TO_32_BIT_CONVERSION = YES;
				GCC_WARN_ABOUT_RETURN_TYPE = YES_ERROR;
				GCC_WARN_UNDECLARED_SELECTOR = YES;
				GCC_WARN_UNINITIALIZED_AUTOS = YES_AGGRESSIVE;
				GCC_WARN_UNUSED_FUNCTION = YES;
				GCC_WARN_UNUSED_VARIABLE = YES;
				IPHONEOS_DEPLOYMENT_TARGET = 13.6;
				MTL_ENABLE_DEBUG_INFO = NO;
				MTL_FAST_MATH = YES;
				SDKROOT = iphoneos;
				SWIFT_COMPILATION_MODE = wholemodule;
				SWIFT_OPTIMIZATION_LEVEL = "-O";
				VALIDATE_PRODUCT = YES;
			};
			name = Release;
		};
		904E888524F1056F0075D151 /* Debug */ = {
			isa = XCBuildConfiguration;
			baseConfigurationReference = 8873C80E525728A4A207F7F8 /* Pods-Messenger.debug.xcconfig */;
			buildSettings = {
				ASSETCATALOG_COMPILER_APPICON_NAME = AppIcon;
				CODE_SIGN_ALLOW_ENTITLEMENTS_MODIFICATION = Yes;
				CODE_SIGN_ENTITLEMENTS = Messenger/Messenger.entitlements;
				CODE_SIGN_STYLE = Automatic;
				DEVELOPMENT_TEAM = 6XZR5LMR6X;
				INFOPLIST_FILE = Messenger/Info.plist;
				IPHONEOS_DEPLOYMENT_TARGET = 13.0;
				LD_RUNPATH_SEARCH_PATHS = (
					"$(inherited)",
					"@executable_path/Frameworks",
				);
				PRODUCT_BUNDLE_IDENTIFIER = jp.Rue.Messenger;
				PRODUCT_NAME = "$(TARGET_NAME)";
				SWIFT_VERSION = 5.0;
				TARGETED_DEVICE_FAMILY = "1,2";
			};
			name = Debug;
		};
		904E888624F1056F0075D151 /* Release */ = {
			isa = XCBuildConfiguration;
			baseConfigurationReference = 87B0ECF9E474F93AD31CB0F3 /* Pods-Messenger.release.xcconfig */;
			buildSettings = {
				ASSETCATALOG_COMPILER_APPICON_NAME = AppIcon;
				CODE_SIGN_ALLOW_ENTITLEMENTS_MODIFICATION = Yes;
				CODE_SIGN_ENTITLEMENTS = Messenger/Messenger.entitlements;
				CODE_SIGN_STYLE = Automatic;
				DEVELOPMENT_TEAM = 6XZR5LMR6X;
				INFOPLIST_FILE = Messenger/Info.plist;
				IPHONEOS_DEPLOYMENT_TARGET = 13.0;
				LD_RUNPATH_SEARCH_PATHS = (
					"$(inherited)",
					"@executable_path/Frameworks",
				);
				PRODUCT_BUNDLE_IDENTIFIER = jp.Rue.Messenger;
				PRODUCT_NAME = "$(TARGET_NAME)";
				SWIFT_VERSION = 5.0;
				TARGETED_DEVICE_FAMILY = "1,2";
			};
			name = Release;
		};
/* End XCBuildConfiguration section */

/* Begin XCConfigurationList section */
		904E886B24F1056A0075D151 /* Build configuration list for PBXProject "Messenger" */ = {
			isa = XCConfigurationList;
			buildConfigurations = (
				904E888224F1056F0075D151 /* Debug */,
				904E888324F1056F0075D151 /* Release */,
			);
			defaultConfigurationIsVisible = 0;
			defaultConfigurationName = Release;
		};
		904E888424F1056F0075D151 /* Build configuration list for PBXNativeTarget "Messenger" */ = {
			isa = XCConfigurationList;
			buildConfigurations = (
				904E888524F1056F0075D151 /* Debug */,
				904E888624F1056F0075D151 /* Release */,
			);
			defaultConfigurationIsVisible = 0;
			defaultConfigurationName = Release;
		};
/* End XCConfigurationList section */
	};
	rootObject = 904E886824F1056A0075D151 /* Project object */;
}
